
Microsoft Visual Studio Solution File, Format Version 12.00
# Visual Studio 15
VisualStudioVersion = 15.0.27703.2035
MinimumVisualStudioVersion = 10.0.40219.1
Project("{FAE04EC0-301F-11D3-BF4B-00C04F79EFBC}") = "Star Citizen Config File Editor", "Star Citizen Config File Editor\Star Citizen Config File Editor.csproj", "{D7ADE7AA-895B-414D-89E9-9505F34EE3F8}"
EndProject
Global
	GlobalSection(SolutionConfigurationPlatforms) = preSolution
		Debug|Any CPU = Debug|Any CPU
		Release|Any CPU = Release|Any CPU
	EndGlobalSection
	GlobalSection(ProjectConfigurationPlatforms) = postSolution
		{D7ADE7AA-895B-414D-89E9-9505F34EE3F8}.Debug|Any CPU.ActiveCfg = Debug|Any CPU
		{D7ADE7AA-895B-414D-89E9-9505F34EE3F8}.Debug|Any CPU.Build.0 = Debug|Any CPU
		{D7ADE7AA-895B-414D-89E9-9505F34EE3F8}.Release|Any CPU.ActiveCfg = Release|Any CPU
		{D7ADE7AA-895B-414D-89E9-9505F34EE3F8}.Release|Any CPU.Build.0 = Release|Any CPU
	EndGlobalSection
	GlobalSection(SolutionProperties) = preSolution
		HideSolutionNode = FALSE
	EndGlobalSection
	GlobalSection(ExtensibilityGlobals) = postSolution
		SolutionGuid = {7E49EB7D-47CA-4656-BB5F-9A5AC08BA4FF}
	EndGlobalSection
EndGlobal
